
Microsoft Visual Studio Solution File, Format Version 12.00
# Visual Studio 15
VisualStudioVersion = 15.0.28307.1259
MinimumVisualStudioVersion = 10.0.40219.1
Project("{FAE04EC0-301F-11D3-BF4B-00C04F79EFBC}") = "ASPNetCoreMVCApplication", "ASPNetCoreMVCApplication\ASPNetCoreMVCApplication.csproj", "{4C59B1B9-51E0-4E5E-8E97-420C13EA5C82}"
EndProject
Project("{FAE04EC0-301F-11D3-BF4B-00C04F79EFBC}") = "Infrastructure", "Infrastructure\Infrastructure.csproj", "{3C213091-5436-4803-A131-F661AC594B82}"
EndProject
Global
	GlobalSection(SolutionConfigurationPlatforms) = preSolution
		Debug|Any CPU = Debug|Any CPU
		Release|Any CPU = Release|Any CPU
	EndGlobalSection
	GlobalSection(ProjectConfigurationPlatforms) = postSolution
		{4C59B1B9-51E0-4E5E-8E97-420C13EA5C82}.Debug|Any CPU.ActiveCfg = Debug|Any CPU
		{4C59B1B9-51E0-4E5E-8E97-420C13EA5C82}.Debug|Any CPU.Build.0 = Debug|Any CPU
		{4C59B1B9-51E0-4E5E-8E97-420C13EA5C82}.Release|Any CPU.ActiveCfg = Release|Any CPU
		{4C59B1B9-51E0-4E5E-8E97-420C13EA5C82}.Release|Any CPU.Build.0 = Release|Any CPU
		{3C213091-5436-4803-A131-F661AC594B82}.Debug|Any CPU.ActiveCfg = Debug|Any CPU
		{3C213091-5436-4803-A131-F661AC594B82}.Debug|Any CPU.Build.0 = Debug|Any CPU
		{3C213091-5436-4803-A131-F661AC594B82}.Release|Any CPU.ActiveCfg = Release|Any CPU
		{3C213091-5436-4803-A131-F661AC594B82}.Release|Any CPU.Build.0 = Release|Any CPU
	EndGlobalSection
	GlobalSection(SolutionProperties) = preSolution
		HideSolutionNode = FALSE
	EndGlobalSection
	GlobalSection(ExtensibilityGlobals) = postSolution
		SolutionGuid = {7395FD66-A7A8-4C55-A108-BE73CE722739}
	EndGlobalSection
EndGlobal
